
Microsoft Visual Studio Solution File, Format Version 12.00
# Visual Studio Version 16
VisualStudioVersion = 16.0.30611.23
MinimumVisualStudioVersion = 10.0.40219.1
Project("{FAE04EC0-301F-11D3-BF4B-00C04F79EFBC}") = "TransportadoraMVC", "TransportadoraMVC\TransportadoraMVC.csproj", "{1B13993D-5244-422E-BF39-97CEFEE9E78B}"
	ProjectSection(ProjectDependencies) = postProject
		{6CACE98B-EDF2-40EE-A9F4-7FB7D59CAB43} = {6CACE98B-EDF2-40EE-A9F4-7FB7D59CAB43}
	EndProjectSection
EndProject
Project("{FAE04EC0-301F-11D3-BF4B-00C04F79EFBC}") = "TransportadoraService", "TransportadoraService\TransportadoraService.csproj", "{6CACE98B-EDF2-40EE-A9F4-7FB7D59CAB43}"
EndProject
Global
	GlobalSection(SolutionConfigurationPlatforms) = preSolution
		Debug|Any CPU = Debug|Any CPU
		Release|Any CPU = Release|Any CPU
	EndGlobalSection
	GlobalSection(ProjectConfigurationPlatforms) = postSolution
		{1B13993D-5244-422E-BF39-97CEFEE9E78B}.Debug|Any CPU.ActiveCfg = Debug|Any CPU
		{1B13993D-5244-422E-BF39-97CEFEE9E78B}.Debug|Any CPU.Build.0 = Debug|Any CPU
		{1B13993D-5244-422E-BF39-97CEFEE9E78B}.Release|Any CPU.ActiveCfg = Release|Any CPU
		{1B13993D-5244-422E-BF39-97CEFEE9E78B}.Release|Any CPU.Build.0 = Release|Any CPU
		{6CACE98B-EDF2-40EE-A9F4-7FB7D59CAB43}.Debug|Any CPU.ActiveCfg = Debug|Any CPU
		{6CACE98B-EDF2-40EE-A9F4-7FB7D59CAB43}.Debug|Any CPU.Build.0 = Debug|Any CPU
		{6CACE98B-EDF2-40EE-A9F4-7FB7D59CAB43}.Release|Any CPU.ActiveCfg = Release|Any CPU
		{6CACE98B-EDF2-40EE-A9F4-7FB7D59CAB43}.Release|Any CPU.Build.0 = Release|Any CPU
	EndGlobalSection
	GlobalSection(SolutionProperties) = preSolution
		HideSolutionNode = FALSE
	EndGlobalSection
	GlobalSection(ExtensibilityGlobals) = postSolution
		SolutionGuid = {9439AB59-33A9-4AE8-97A0-B6470622484B}
	EndGlobalSection
EndGlobal
